
Microsoft Visual Studio Solution File, Format Version 12.00
# Visual Studio Version 17
VisualStudioVersion = 17.3.32922.545
MinimumVisualStudioVersion = 10.0.40219.1
Project("{FAE04EC0-301F-11D3-BF4B-00C04F79EFBC}") = "Training Project 1", "Training Project 1.csproj", "{F045F87D-FA1C-45B7-A4EE-25B23C60EB1D}"
EndProject
Global
	GlobalSection(SolutionConfigurationPlatforms) = preSolution
		Debug|Any CPU = Debug|Any CPU
		Release|Any CPU = Release|Any CPU
	EndGlobalSection
	GlobalSection(ProjectConfigurationPlatforms) = postSolution
		{F045F87D-FA1C-45B7-A4EE-25B23C60EB1D}.Debug|Any CPU.ActiveCfg = Debug|Any CPU
		{F045F87D-FA1C-45B7-A4EE-25B23C60EB1D}.Debug|Any CPU.Build.0 = Debug|Any CPU
		{F045F87D-FA1C-45B7-A4EE-25B23C60EB1D}.Release|Any CPU.ActiveCfg = Release|Any CPU
		{F045F87D-FA1C-45B7-A4EE-25B23C60EB1D}.Release|Any CPU.Build.0 = Release|Any CPU
	EndGlobalSection
	GlobalSection(SolutionProperties) = preSolution
		HideSolutionNode = FALSE
	EndGlobalSection
	GlobalSection(ExtensibilityGlobals) = postSolution
		SolutionGuid = {803A9743-AB2E-4150-95AF-4A031F2EBEBB}
	EndGlobalSection
EndGlobal
